
Microsoft Visual Studio Solution File, Format Version 12.00
# Visual Studio Version 17
VisualStudioVersion = 17.13.35825.156 d17.13
MinimumVisualStudioVersion = 10.0.40219.1
Project("{FAE04EC0-301F-11D3-BF4B-00C04F79EFBC}") = "HandyControlsTest", "HandyControlsTest\HandyControlsTest.csproj", "{5E140717-0085-4395-8CF8-32D36C9461B1}"
EndProject
Global
	GlobalSection(SolutionConfigurationPlatforms) = preSolution
		Debug|Any CPU = Debug|Any CPU
		Release|Any CPU = Release|Any CPU
	EndGlobalSection
	GlobalSection(ProjectConfigurationPlatforms) = postSolution
		{5E140717-0085-4395-8CF8-32D36C9461B1}.Debug|Any CPU.ActiveCfg = Debug|Any CPU
		{5E140717-0085-4395-8CF8-32D36C9461B1}.Debug|Any CPU.Build.0 = Debug|Any CPU
		{5E140717-0085-4395-8CF8-32D36C9461B1}.Release|Any CPU.ActiveCfg = Release|Any CPU
		{5E140717-0085-4395-8CF8-32D36C9461B1}.Release|Any CPU.Build.0 = Release|Any CPU
	EndGlobalSection
	GlobalSection(SolutionProperties) = preSolution
		HideSolutionNode = FALSE
	EndGlobalSection
	GlobalSection(ExtensibilityGlobals) = postSolution
		SolutionGuid = {860072DE-A9A9-40BE-AFF0-7E8A8DD16E63}
	EndGlobalSection
EndGlobal
